// !$*UTF8*$!
{
	archiveVersion = 1;
	classes = {
	};
	objectVersion = 48;
	objects = {

/* Begin PBXBuildFile section */
		A23988FC204014B3009CDBEA /* 🐶.mp3 in Resources */ = {isa = PBXBuildFile; fileRef = A23988F8204014B2009CDBEA /* 🐶.mp3 */; };
		A23988FD204014B3009CDBEA /* 🐢.mp3 in Resources */ = {isa = PBXBuildFile; fileRef = A23988F9204014B3009CDBEA /* 🐢.mp3 */; };
		A23988FE204014B3009CDBEA /* 🐰.mp3 in Resources */ = {isa = PBXBuildFile; fileRef = A23988FA204014B3009CDBEA /* 🐰.mp3 */; };
		A23988FF204014B3009CDBEA /* 🐱.mp3 in Resources */ = {isa = PBXBuildFile; fileRef = A23988FB204014B3009CDBEA /* 🐱.mp3 */; };
		A239890120401A99009CDBEA /* README.md in Resources */ = {isa = PBXBuildFile; fileRef = A239890020401A99009CDBEA /* README.md */; };
		A239890320401BDE009CDBEA /* doc in Resources */ = {isa = PBXBuildFile; fileRef = A239890220401BDE009CDBEA /* doc */; };
		A2589646203EF53800D86924 /* AppDelegate.swift in Sources */ = {isa = PBXBuildFile; fileRef = A2589645203EF53800D86924 /* AppDelegate.swift */; };
		A2589648203EF53800D86924 /* IntroductionViewController.swift in Sources */ = {isa = PBXBuildFile; fileRef = A2589647203EF53800D86924 /* IntroductionViewController.swift */; };
		A258964B203EF53800D86924 /* Main.storyboard in Resources */ = {isa = PBXBuildFile; fileRef = A2589649203EF53800D86924 /* Main.storyboard */; };
		A258964D203EF53800D86924 /* Assets.xcassets in Resources */ = {isa = PBXBuildFile; fileRef = A258964C203EF53800D86924 /* Assets.xcassets */; };
		A2589650203EF53800D86924 /* LaunchScreen.storyboard in Resources */ = {isa = PBXBuildFile; fileRef = A258964E203EF53800D86924 /* LaunchScreen.storyboard */; };
		A2589658203EFF7800D86924 /* QuestionViewController.swift in Sources */ = {isa = PBXBuildFile; fileRef = A2589657203EFF7800D86924 /* QuestionViewController.swift */; };
		A258965A203EFF8D00D86924 /* ResultsViewController.swift in Sources */ = {isa = PBXBuildFile; fileRef = A2589659203EFF8D00D86924 /* ResultsViewController.swift */; };
		A258965C203F1BBE00D86924 /* QuestionData.swift in Sources */ = {isa = PBXBuildFile; fileRef = A258965B203F1BBE00D86924 /* QuestionData.swift */; };
/* End PBXBuildFile section */

/* Begin PBXFileReference section */
		A23988F8204014B2009CDBEA /* 🐶.mp3 */ = {isa = PBXFileReference; lastKnownFileType = audio.mp3; path = "🐶.mp3"; sourceTree = "<group>"; };
		A23988F9204014B3009CDBEA /* 🐢.mp3 */ = {isa = PBXFileReference; lastKnownFileType = audio.mp3; path = "🐢.mp3"; sourceTree = "<group>"; };
		A23988FA204014B3009CDBEA /* 🐰.mp3 */ = {isa = PBXFileReference; lastKnownFileType = audio.mp3; path = "🐰.mp3"; sourceTree = "<group>"; };
		A23988FB204014B3009CDBEA /* 🐱.mp3 */ = {isa = PBXFileReference; lastKnownFileType = audio.mp3; path = "🐱.mp3"; sourceTree = "<group>"; };
		A239890020401A99009CDBEA /* README.md */ = {isa = PBXFileReference; fileEncoding = 4; lastKnownFileType = net.daringfireball.markdown; path = README.md; sourceTree = "<group>"; };
		A239890220401BDE009CDBEA /* doc */ = {isa = PBXFileReference; lastKnownFileType = folder; path = doc; sourceTree = "<group>"; };
		A2589642203EF53800D86924 /* PersonalityQuiz.app */ = {isa = PBXFileReference; explicitFileType = wrapper.application; includeInIndex = 0; path = PersonalityQuiz.app; sourceTree = BUILT_PRODUCTS_DIR; };
		A2589645203EF53800D86924 /* AppDelegate.swift */ = {isa = PBXFileReference; lastKnownFileType = sourcecode.swift; path = AppDelegate.swift; sourceTree = "<group>"; };
		A2589647203EF53800D86924 /* IntroductionViewController.swift */ = {isa = PBXFileReference; lastKnownFileType = sourcecode.swift; path = IntroductionViewController.swift; sourceTree = "<group>"; };
		A258964A203EF53800D86924 /* Base */ = {isa = PBXFileReference; lastKnownFileType = file.storyboard; name = Base; path = Base.lproj/Main.storyboard; sourceTree = "<group>"; };
		A258964C203EF53800D86924 /* Assets.xcassets */ = {isa = PBXFileReference; lastKnownFileType = folder.assetcatalog; path = Assets.xcassets; sourceTree = "<group>"; };
		A258964F203EF53800D86924 /* Base */ = {isa = PBXFileReference; lastKnownFileType = file.storyboard; name = Base; path = Base.lproj/LaunchScreen.storyboard; sourceTree = "<group>"; };
		A2589651203EF53800D86924 /* Info.plist */ = {isa = PBXFileReference; lastKnownFileType = text.plist.xml; path = Info.plist; sourceTree = "<group>"; };
		A2589657203EFF7800D86924 /* QuestionViewController.swift */ = {isa = PBXFileReference; lastKnownFileType = sourcecode.swift; path = QuestionViewController.swift; sourceTree = "<group>"; };
		A2589659203EFF8D00D86924 /* ResultsViewController.swift */ = {isa = PBXFileReference; lastKnownFileType = sourcecode.swift; path = ResultsViewController.swift; sourceTree = "<group>"; };
		A258965B203F1BBE00D86924 /* QuestionData.swift */ = {isa = PBXFileReference; lastKnownFileType = sourcecode.swift; path = QuestionData.swift; sourceTree = "<group>"; };
/* End PBXFileReference section */

/* Begin PBXFrameworksBuildPhase section */
		A258963F203EF53800D86924 /* Frameworks */ = {
			isa = PBXFrameworksBuildPhase;
			buildActionMask = 2147483647;
			files = (
			);
			runOnlyForDeploymentPostprocessing = 0;
		};
/* End PBXFrameworksBuildPhase section */

/* Begin PBXGroup section */
		A2589639203EF53800D86924 = {
			isa = PBXGroup;
			children = (
				A239890020401A99009CDBEA /* README.md */,
				A239890220401BDE009CDBEA /* doc */,
				A2589644203EF53800D86924 /* PersonalityQuiz */,
				A2589643203EF53800D86924 /* Products */,
			);
			sourceTree = "<group>";
		};
		A2589643203EF53800D86924 /* Products */ = {
			isa = PBXGroup;
			children = (
				A2589642203EF53800D86924 /* PersonalityQuiz.app */,
			);
			name = Products;
			sourceTree = "<group>";
		};
		A2589644203EF53800D86924 /* PersonalityQuiz */ = {
			isa = PBXGroup;
			children = (
				A2589645203EF53800D86924 /* AppDelegate.swift */,
				A2589647203EF53800D86924 /* IntroductionViewController.swift */,
				A2589649203EF53800D86924 /* Main.storyboard */,
				A258965B203F1BBE00D86924 /* QuestionData.swift */,
				A2589657203EFF7800D86924 /* QuestionViewController.swift */,
				A2589659203EFF8D00D86924 /* ResultsViewController.swift */,
				A258964C203EF53800D86924 /* Assets.xcassets */,
				A23988F9204014B3009CDBEA /* 🐢.mp3 */,
				A23988FA204014B3009CDBEA /* 🐰.mp3 */,
				A23988FB204014B3009CDBEA /* 🐱.mp3 */,
				A23988F8204014B2009CDBEA /* 🐶.mp3 */,
				A258964E203EF53800D86924 /* LaunchScreen.storyboard */,
				A2589651203EF53800D86924 /* Info.plist */,
			);
			path = PersonalityQuiz;
			sourceTree = "<group>";
		};
/* End PBXGroup section */

/* Begin PBXNativeTarget section */
		A2589641203EF53800D86924 /* PersonalityQuiz */ = {
			isa = PBXNativeTarget;
			buildConfigurationList = A2589654203EF53800D86924 /* Build configuration list for PBXNativeTarget "PersonalityQuiz" */;
			buildPhases = (
				A258963E203EF53800D86924 /* Sources */,
				A258963F203EF53800D86924 /* Frameworks */,
				A2589640203EF53800D86924 /* Resources */,
			);
			buildRules = (
			);
			dependencies = (
			);
			name = PersonalityQuiz;
			productName = PersonalityQuiz;
			productReference = A2589642203EF53800D86924 /* PersonalityQuiz.app */;
			productType = "com.apple.product-type.application";
		};
/* End PBXNativeTarget section */

/* Begin PBXProject section */
		A258963A203EF53800D86924 /* Project object */ = {
			isa = PBXProject;
			attributes = {
				LastSwiftUpdateCheck = 0920;
				LastUpgradeCheck = 0920;
				ORGANIZATIONNAME = "Alex Witkamp";
				TargetAttributes = {
					A2589641203EF53800D86924 = {
						CreatedOnToolsVersion = 9.2;
						ProvisioningStyle = Automatic;
					};
				};
			};
			buildConfigurationList = A258963D203EF53800D86924 /* Build configuration list for PBXProject "PersonalityQuiz" */;
			compatibilityVersion = "Xcode 8.0";
			developmentRegion = en;
			hasScannedForEncodings = 0;
			knownRegions = (
				en,
				Base,
			);
			mainGroup = A2589639203EF53800D86924;
			productRefGroup = A2589643203EF53800D86924 /* Products */;
			projectDirPath = "";
			projectRoot = "";
			targets = (
				A2589641203EF53800D86924 /* PersonalityQuiz */,
			);
		};
/* End PBXProject section */

/* Begin PBXResourcesBuildPhase section */
		A2589640203EF53800D86924 /* Resources */ = {
			isa = PBXResourcesBuildPhase;
			buildActionMask = 2147483647;
			files = (
				A239890320401BDE009CDBEA /* doc in Resources */,
				A23988FC204014B3009CDBEA /* 🐶.mp3 in Resources */,
				A2589650203EF53800D86924 /* LaunchScreen.storyboard in Resources */,
				A23988FF204014B3009CDBEA /* 🐱.mp3 in Resources */,
				A258964D203EF53800D86924 /* Assets.xcassets in Resources */,
				A258964B203EF53800D86924 /* Main.storyboard in Resources */,
				A23988FD204014B3009CDBEA /* 🐢.mp3 in Resources */,
				A239890120401A99009CDBEA /* README.md in Resources */,
				A23988FE204014B3009CDBEA /* 🐰.mp3 in Resources */,
			);
			runOnlyForDeploymentPostprocessing = 0;
		};
/* End PBXResourcesBuildPhase section */

/* Begin PBXSourcesBuildPhase section */
		A258963E203EF53800D86924 /* Sources */ = {
			isa = PBXSourcesBuildPhase;
			buildActionMask = 2147483647;
			files = (
				A2589648203EF53800D86924 /* IntroductionViewController.swift in Sources */,
				A2589646203EF53800D86924 /* AppDelegate.swift in Sources */,
				A258965C203F1BBE00D86924 /* QuestionData.swift in Sources */,
				A2589658203EFF7800D86924 /* QuestionViewController.swift in Sources */,
				A258965A203EFF8D00D86924 /* ResultsViewController.swift in Sources */,
			);
			runOnlyForDeploymentPostprocessing = 0;
		};
/* End PBXSourcesBuildPhase section */

/* Begin PBXVariantGroup section */
		A2589649203EF53800D86924 /* Main.storyboard */ = {
			isa = PBXVariantGroup;
			children = (
				A258964A203EF53800D86924 /* Base */,
			);
			name = Main.storyboard;
			sourceTree = "<group>";
		};
		A258964E203EF53800D86924 /* LaunchScreen.storyboard */ = {
			isa = PBXVariantGroup;
			children = (
				A258964F203EF53800D86924 /* Base */,
			);
			name = LaunchScreen.storyboard;
			sourceTree = "<group>";
		};
/* End PBXVariantGroup section */

/* Begin XCBuildConfiguration section */
		A2589652203EF53800D86924 /* Debug */ = {
			isa = XCBuildConfiguration;
			buildSettings = {
				ALWAYS_SEARCH_USER_PATHS = NO;
				CLANG_ANALYZER_NONNULL = YES;
				CLANG_ANALYZER_NUMBER_OBJECT_CONVERSION = YES_AGGRESSIVE;
				CLANG_CXX_LANGUAGE_STANDARD = "gnu++14";
				CLANG_CXX_LIBRARY = "libc++";
				CLANG_ENABLE_MODULES = YES;
				CLANG_ENABLE_OBJC_ARC = YES;
				CLANG_WARN_BLOCK_CAPTURE_AUTORELEASING = YES;
				CLANG_WARN_BOOL_CONVERSION = YES;
				CLANG_WARN_COMMA = YES;
				CLANG_WARN_CONSTANT_CONVERSION = YES;
				CLANG_WARN_DIRECT_OBJC_ISA_USAGE = YES_ERROR;
				CLANG_WARN_DOCUMENTATION_COMMENTS = YES;
				CLANG_WARN_EMPTY_BODY = YES;
				CLANG_WARN_ENUM_CONVERSION = YES;
				CLANG_WARN_INFINITE_RECURSION = YES;
				CLANG_WARN_INT_CONVERSION = YES;
				CLANG_WARN_NON_LITERAL_NULL_CONVERSION = YES;
				CLANG_WARN_OBJC_LITERAL_CONVERSION = YES;
				CLANG_WARN_OBJC_ROOT_CLASS = YES_ERROR;
				CLANG_WARN_RANGE_LOOP_ANALYSIS = YES;
				CLANG_WARN_STRICT_PROTOTYPES = YES;
				CLANG_WARN_SUSPICIOUS_MOVE = YES;
				CLANG_WARN_UNGUARDED_AVAILABILITY = YES_AGGRESSIVE;
				CLANG_WARN_UNREACHABLE_CODE = YES;
				CLANG_WARN__DUPLICATE_METHOD_MATCH = YES;
				CODE_SIGN_IDENTITY = "iPhone Developer";
				COPY_PHASE_STRIP = NO;
				DEBUG_INFORMATION_FORMAT = dwarf;
				ENABLE_STRICT_OBJC_MSGSEND = YES;
				ENABLE_TESTABILITY = YES;
				GCC_C_LANGUAGE_STANDARD = gnu11;
				GCC_DYNAMIC_NO_PIC = NO;
				GCC_NO_COMMON_BLOCKS = YES;
				GCC_OPTIMIZATION_LEVEL = 0;
				GCC_PREPROCESSOR_DEFINITIONS = (
					"DEBUG=1",
					"$(inherited)",
				);
				GCC_WARN_64_TO_32_BIT_CONVERSION = YES;
				GCC_WARN_ABOUT_RETURN_TYPE = YES_ERROR;
				GCC_WARN_UNDECLARED_SELECTOR = YES;
				GCC_WARN_UNINITIALIZED_AUTOS = YES_AGGRESSIVE;
				GCC_WARN_UNUSED_FUNCTION = YES;
				GCC_WARN_UNUSED_VARIABLE = YES;
				IPHONEOS_DEPLOYMENT_TARGET = 11.2;
				MTL_ENABLE_DEBUG_INFO = YES;
				ONLY_ACTIVE_ARCH = YES;
				SDKROOT = iphoneos;
				SWIFT_ACTIVE_COMPILATION_CONDITIONS = DEBUG;
				SWIFT_OPTIMIZATION_LEVEL = "-Onone";
			};
			name = Debug;
		};
		A2589653203EF53800D86924 /* Release */ = {
			isa = XCBuildConfiguration;
			buildSettings = {
				ALWAYS_SEARCH_USER_PATHS = NO;
				CLANG_ANALYZER_NONNULL = YES;
				CLANG_ANALYZER_NUMBER_OBJECT_CONVERSION = YES_AGGRESSIVE;
				CLANG_CXX_LANGUAGE_STANDARD = "gnu++14";
				CLANG_CXX_LIBRARY = "libc++";
				CLANG_ENABLE_MODULES = YES;
				CLANG_ENABLE_OBJC_ARC = YES;
				CLANG_WARN_BLOCK_CAPTURE_AUTORELEASING = YES;
				CLANG_WARN_BOOL_CONVERSION = YES;
				CLANG_WARN_COMMA = YES;
				CLANG_WARN_CONSTANT_CONVERSION = YES;
				CLANG_WARN_DIRECT_OBJC_ISA_USAGE = YES_ERROR;
				CLANG_WARN_DOCUMENTATION_COMMENTS = YES;
				CLANG_WARN_EMPTY_BODY = YES;
				CLANG_WARN_ENUM_CONVERSION = YES;
				CLANG_WARN_INFINITE_RECURSION = YES;
				CLANG_WARN_INT_CONVERSION = YES;
				CLANG_WARN_NON_LITERAL_NULL_CONVERSION = YES;
				CLANG_WARN_OBJC_LITERAL_CONVERSION = YES;
				CLANG_WARN_OBJC_ROOT_CLASS = YES_ERROR;
				CLANG_WARN_RANGE_LOOP_ANALYSIS = YES;
				CLANG_WARN_STRICT_PROTOTYPES = YES;
				CLANG_WARN_SUSPICIOUS_MOVE = YES;
				CLANG_WARN_UNGUARDED_AVAILABILITY = YES_AGGRESSIVE;
				CLANG_WARN_UNREACHABLE_CODE = YES;
				CLANG_WARN__DUPLICATE_METHOD_MATCH = YES;
				CODE_SIGN_IDENTITY = "iPhone Developer";
				COPY_PHASE_STRIP = NO;
				DEBUG_INFORMATION_FORMAT = "dwarf-with-dsym";
				ENABLE_NS_ASSERTIONS = NO;
				ENABLE_STRICT_OBJC_MSGSEND = YES;
				GCC_C_LANGUAGE_STANDARD = gnu11;
				GCC_NO_COMMON_BLOCKS = YES;
				GCC_WARN_64_TO_32_BIT_CONVERSION = YES;
				GCC_WARN_ABOUT_RETURN_TYPE = YES_ERROR;
				GCC_WARN_UNDECLARED_SELECTOR = YES;
				GCC_WARN_UNINITIALIZED_AUTOS = YES_AGGRESSIVE;
				GCC_WARN_UNUSED_FUNCTION = YES;
				GCC_WARN_UNUSED_VARIABLE = YES;
				IPHONEOS_DEPLOYMENT_TARGET = 11.2;
				MTL_ENABLE_DEBUG_INFO = NO;
				SDKROOT = iphoneos;
				SWIFT_OPTIMIZATION_LEVEL = "-Owholemodule";
				VALIDATE_PRODUCT = YES;
			};
			name = Release;
		};
		A2589655203EF53800D86924 /* Debug */ = {
			isa = XCBuildConfiguration;
			buildSettings = {
				ASSETCATALOG_COMPILER_APPICON_NAME = AppIcon;
				CODE_SIGN_STYLE = Automatic;
				DEVELOPMENT_TEAM = 683MHWUS6T;
				INFOPLIST_FILE = PersonalityQuiz/Info.plist;
				LD_RUNPATH_SEARCH_PATHS = "$(inherited) @executable_path/Frameworks";
				PRODUCT_BUNDLE_IDENTIFIER = com.alexwitkamp.PersonalityQuiz;
				PRODUCT_NAME = "$(TARGET_NAME)";
				SWIFT_VERSION = 4.0;
				TARGETED_DEVICE_FAMILY = "1,2";
			};
			name = Debug;
		};
		A2589656203EF53800D86924 /* Release */ = {
			isa = XCBuildConfiguration;
			buildSettings = {
				ASSETCATALOG_COMPILER_APPICON_NAME = AppIcon;
				CODE_SIGN_STYLE = Automatic;
				DEVELOPMENT_TEAM = 683MHWUS6T;
				INFOPLIST_FILE = PersonalityQuiz/Info.plist;
				LD_RUNPATH_SEARCH_PATHS = "$(inherited) @executable_path/Frameworks";
				PRODUCT_BUNDLE_IDENTIFIER = com.alexwitkamp.PersonalityQuiz;
				PRODUCT_NAME = "$(TARGET_NAME)";
				SWIFT_VERSION = 4.0;
				TARGETED_DEVICE_FAMILY = "1,2";
			};
			name = Release;
		};
/* End XCBuildConfiguration section */

/* Begin XCConfigurationList section */
		A258963D203EF53800D86924 /* Build configuration list for PBXProject "PersonalityQuiz" */ = {
			isa = XCConfigurationList;
			buildConfigurations = (
				A2589652203EF53800D86924 /* Debug */,
				A2589653203EF53800D86924 /* Release */,
			);
			defaultConfigurationIsVisible = 0;
			defaultConfigurationName = Release;
		};
		A2589654203EF53800D86924 /* Build configuration list for PBXNativeTarget "PersonalityQuiz" */ = {
			isa = XCConfigurationList;
			buildConfigurations = (
				A2589655203EF53800D86924 /* Debug */,
				A2589656203EF53800D86924 /* Release */,
			);
			defaultConfigurationIsVisible = 0;
			defaultConfigurationName = Release;
		};
/* End XCConfigurationList section */
	};
	rootObject = A258963A203EF53800D86924 /* Project object */;
}
